
Microsoft Visual Studio Solution File, Format Version 12.00
# Visual Studio Version 17
VisualStudioVersion = 17.7.34202.233
MinimumVisualStudioVersion = 10.0.40219.1
Project("{FAE04EC0-301F-11D3-BF4B-00C04F79EFBC}") = "Csharp", "Csharp\Csharp.csproj", "{607ECD82-5FE1-45B5-9CD5-466D4D91DD88}"
EndProject
Global
	GlobalSection(SolutionConfigurationPlatforms) = preSolution
		Debug|Any CPU = Debug|Any CPU
		Release|Any CPU = Release|Any CPU
	EndGlobalSection
	GlobalSection(ProjectConfigurationPlatforms) = postSolution
		{607ECD82-5FE1-45B5-9CD5-466D4D91DD88}.Debug|Any CPU.ActiveCfg = Debug|Any CPU
		{607ECD82-5FE1-45B5-9CD5-466D4D91DD88}.Debug|Any CPU.Build.0 = Debug|Any CPU
		{607ECD82-5FE1-45B5-9CD5-466D4D91DD88}.Release|Any CPU.ActiveCfg = Release|Any CPU
		{607ECD82-5FE1-45B5-9CD5-466D4D91DD88}.Release|Any CPU.Build.0 = Release|Any CPU
	EndGlobalSection
	GlobalSection(SolutionProperties) = preSolution
		HideSolutionNode = FALSE
	EndGlobalSection
	GlobalSection(ExtensibilityGlobals) = postSolution
		SolutionGuid = {E94A7419-3DB4-41E7-AC4C-FE8AFD856FDB}
	EndGlobalSection
EndGlobal
