
Microsoft Visual Studio Solution File, Format Version 12.00
# Visual Studio Version 17
VisualStudioVersion = 17.5.002.0
MinimumVisualStudioVersion = 10.0.40219.1
Project("{9A19103F-16F7-4668-BE54-9A1E7A4F7556}") = "CSharpUnitTests", "CSharpUnitTests.csproj", "{1F8C5785-ED38-435E-A21A-1AB5C0114076}"
EndProject
Global
	GlobalSection(SolutionConfigurationPlatforms) = preSolution
		Debug|Any CPU = Debug|Any CPU
		Release|Any CPU = Release|Any CPU
	EndGlobalSection
	GlobalSection(ProjectConfigurationPlatforms) = postSolution
		{1F8C5785-ED38-435E-A21A-1AB5C0114076}.Debug|Any CPU.ActiveCfg = Debug|Any CPU
		{1F8C5785-ED38-435E-A21A-1AB5C0114076}.Debug|Any CPU.Build.0 = Debug|Any CPU
		{1F8C5785-ED38-435E-A21A-1AB5C0114076}.Release|Any CPU.ActiveCfg = Release|Any CPU
		{1F8C5785-ED38-435E-A21A-1AB5C0114076}.Release|Any CPU.Build.0 = Release|Any CPU
	EndGlobalSection
	GlobalSection(SolutionProperties) = preSolution
		HideSolutionNode = FALSE
	EndGlobalSection
	GlobalSection(ExtensibilityGlobals) = postSolution
		SolutionGuid = {B848B70B-90A0-4B86-B7E9-D024EA9D20E8}
	EndGlobalSection
EndGlobal
